
Microsoft Visual Studio Solution File, Format Version 12.00
# Visual Studio Version 17
VisualStudioVersion = 17.13.35931.197 d17.13
MinimumVisualStudioVersion = 10.0.40219.1
Project("{FAE04EC0-301F-11D3-BF4B-00C04F79EFBC}") = "Vernyomasnaplo", "Vernyomasnaplo\Vernyomasnaplo.csproj", "{860A791B-34C1-4D95-A0B4-B197DEB86302}"
EndProject
Global
	GlobalSection(SolutionConfigurationPlatforms) = preSolution
		Debug|Any CPU = Debug|Any CPU
		Release|Any CPU = Release|Any CPU
	EndGlobalSection
	GlobalSection(ProjectConfigurationPlatforms) = postSolution
		{860A791B-34C1-4D95-A0B4-B197DEB86302}.Debug|Any CPU.ActiveCfg = Debug|Any CPU
		{860A791B-34C1-4D95-A0B4-B197DEB86302}.Debug|Any CPU.Build.0 = Debug|Any CPU
		{860A791B-34C1-4D95-A0B4-B197DEB86302}.Release|Any CPU.ActiveCfg = Release|Any CPU
		{860A791B-34C1-4D95-A0B4-B197DEB86302}.Release|Any CPU.Build.0 = Release|Any CPU
	EndGlobalSection
	GlobalSection(SolutionProperties) = preSolution
		HideSolutionNode = FALSE
	EndGlobalSection
	GlobalSection(ExtensibilityGlobals) = postSolution
		SolutionGuid = {F094BAA8-AC41-4B44-A7F4-98E147DBD0F7}
	EndGlobalSection
EndGlobal
